
Microsoft Visual Studio Solution File, Format Version 12.00
# Visual Studio 2013
VisualStudioVersion = 12.0.21005.1
MinimumVisualStudioVersion = 10.0.40219.1
Project("{FAE04EC0-301F-11D3-BF4B-00C04F79EFBC}") = "ExtendedDataStructures", "ExtendedDataStructures\ExtendedDataStructures.csproj", "{8C0CAED5-EF86-4FF2-815D-650F4A0267AE}"
EndProject
Project("{FAE04EC0-301F-11D3-BF4B-00C04F79EFBC}") = "ExtendedDataStructuresTest", "ExtendedDataStructuresTest\ExtendedDataStructuresTest.csproj", "{E4B5155D-5CB7-4B98-BED8-1D0F3C2B7EDC}"
EndProject
Global
	GlobalSection(SolutionConfigurationPlatforms) = preSolution
		Debug|Any CPU = Debug|Any CPU
		Release|Any CPU = Release|Any CPU
	EndGlobalSection
	GlobalSection(ProjectConfigurationPlatforms) = postSolution
		{8C0CAED5-EF86-4FF2-815D-650F4A0267AE}.Debug|Any CPU.ActiveCfg = Debug|Any CPU
		{8C0CAED5-EF86-4FF2-815D-650F4A0267AE}.Debug|Any CPU.Build.0 = Debug|Any CPU
		{8C0CAED5-EF86-4FF2-815D-650F4A0267AE}.Release|Any CPU.ActiveCfg = Release|Any CPU
		{8C0CAED5-EF86-4FF2-815D-650F4A0267AE}.Release|Any CPU.Build.0 = Release|Any CPU
		{E4B5155D-5CB7-4B98-BED8-1D0F3C2B7EDC}.Debug|Any CPU.ActiveCfg = Debug|Any CPU
		{E4B5155D-5CB7-4B98-BED8-1D0F3C2B7EDC}.Debug|Any CPU.Build.0 = Debug|Any CPU
		{E4B5155D-5CB7-4B98-BED8-1D0F3C2B7EDC}.Release|Any CPU.ActiveCfg = Release|Any CPU
		{E4B5155D-5CB7-4B98-BED8-1D0F3C2B7EDC}.Release|Any CPU.Build.0 = Release|Any CPU
	EndGlobalSection
	GlobalSection(SolutionProperties) = preSolution
		HideSolutionNode = FALSE
	EndGlobalSection
EndGlobal
